
Microsoft Visual Studio Solution File, Format Version 11.00
# Visual Studio 2010
Project("{FAE04EC0-301F-11D3-BF4B-00C04F79EFBC}") = "RnD.ShellSample", "RnD.ShellSample\RnD.ShellSample.csproj", "{FA46FFF4-2E96-400A-BB8C-6865248D3C05}"
EndProject
Global
	GlobalSection(SolutionConfigurationPlatforms) = preSolution
		Debug|Any CPU = Debug|Any CPU
		Release|Any CPU = Release|Any CPU
	EndGlobalSection
	GlobalSection(ProjectConfigurationPlatforms) = postSolution
		{FA46FFF4-2E96-400A-BB8C-6865248D3C05}.Debug|Any CPU.ActiveCfg = Debug|Any CPU
		{FA46FFF4-2E96-400A-BB8C-6865248D3C05}.Debug|Any CPU.Build.0 = Debug|Any CPU
		{FA46FFF4-2E96-400A-BB8C-6865248D3C05}.Release|Any CPU.ActiveCfg = Release|Any CPU
		{FA46FFF4-2E96-400A-BB8C-6865248D3C05}.Release|Any CPU.Build.0 = Release|Any CPU
	EndGlobalSection
	GlobalSection(SolutionProperties) = preSolution
		HideSolutionNode = FALSE
	EndGlobalSection
EndGlobal
